
Microsoft Visual Studio Solution File, Format Version 12.00
# Visual Studio Version 17
VisualStudioVersion = 17.0.32126.317
MinimumVisualStudioVersion = 10.0.40219.1
Project("{9A19103F-16F7-4668-BE54-9A1E7A4F7556}") = "find_my_pdf", "source\find_my_pdf.csproj", "{CD8C8159-1B05-41B1-BDEB-ACC76B5679A2}"
EndProject
Global
	GlobalSection(SolutionConfigurationPlatforms) = preSolution
		Debug|Any CPU = Debug|Any CPU
		Release|Any CPU = Release|Any CPU
	EndGlobalSection
	GlobalSection(ProjectConfigurationPlatforms) = postSolution
		{CD8C8159-1B05-41B1-BDEB-ACC76B5679A2}.Debug|Any CPU.ActiveCfg = Debug|Any CPU
		{CD8C8159-1B05-41B1-BDEB-ACC76B5679A2}.Debug|Any CPU.Build.0 = Debug|Any CPU
		{CD8C8159-1B05-41B1-BDEB-ACC76B5679A2}.Release|Any CPU.ActiveCfg = Release|Any CPU
		{CD8C8159-1B05-41B1-BDEB-ACC76B5679A2}.Release|Any CPU.Build.0 = Release|Any CPU
	EndGlobalSection
	GlobalSection(SolutionProperties) = preSolution
		HideSolutionNode = FALSE
	EndGlobalSection
	GlobalSection(ExtensibilityGlobals) = postSolution
		SolutionGuid = {91F6EC7D-27CE-4FA2-9E0B-3AEA8EC891AA}
	EndGlobalSection
EndGlobal
